
Microsoft Visual Studio Solution File, Format Version 12.00
Project("{FAE04EC0-301F-11D3-BF4B-00C04F79EFBC}") = "IMC_codeChallenge", "IMC_codeChallenge.csproj", "{DAC1F77E-780C-4269-AA06-FA257845188B}"
EndProject
Global
	GlobalSection(SolutionConfigurationPlatforms) = preSolution
		Debug|Any CPU = Debug|Any CPU
		Release|Any CPU = Release|Any CPU
	EndGlobalSection
	GlobalSection(ProjectConfigurationPlatforms) = postSolution
		{DAC1F77E-780C-4269-AA06-FA257845188B}.Debug|Any CPU.ActiveCfg = Debug|Any CPU
		{DAC1F77E-780C-4269-AA06-FA257845188B}.Debug|Any CPU.Build.0 = Debug|Any CPU
		{DAC1F77E-780C-4269-AA06-FA257845188B}.Release|Any CPU.ActiveCfg = Release|Any CPU
		{DAC1F77E-780C-4269-AA06-FA257845188B}.Release|Any CPU.Build.0 = Release|Any CPU
	EndGlobalSection
EndGlobal
